
Microsoft Visual Studio Solution File, Format Version 12.00
# Visual Studio Version 17
VisualStudioVersion = 17.6.33723.286
MinimumVisualStudioVersion = 10.0.40219.1
Project("{FAE04EC0-301F-11D3-BF4B-00C04F79EFBC}") = "crudforsearch", "crudforsearch\crudforsearch.csproj", "{998631EE-F39E-40F7-B545-C5E6B29E650A}"
EndProject
Global
	GlobalSection(SolutionConfigurationPlatforms) = preSolution
		Debug|Any CPU = Debug|Any CPU
		Release|Any CPU = Release|Any CPU
	EndGlobalSection
	GlobalSection(ProjectConfigurationPlatforms) = postSolution
		{998631EE-F39E-40F7-B545-C5E6B29E650A}.Debug|Any CPU.ActiveCfg = Debug|Any CPU
		{998631EE-F39E-40F7-B545-C5E6B29E650A}.Debug|Any CPU.Build.0 = Debug|Any CPU
		{998631EE-F39E-40F7-B545-C5E6B29E650A}.Release|Any CPU.ActiveCfg = Release|Any CPU
		{998631EE-F39E-40F7-B545-C5E6B29E650A}.Release|Any CPU.Build.0 = Release|Any CPU
	EndGlobalSection
	GlobalSection(SolutionProperties) = preSolution
		HideSolutionNode = FALSE
	EndGlobalSection
	GlobalSection(ExtensibilityGlobals) = postSolution
		SolutionGuid = {371E49ED-D882-419D-B1C3-977A3FD79C38}
	EndGlobalSection
EndGlobal
